Microsoft Visual Studio Solution File, Format Version 8.00
Project("{8BC9CEB8-8B4A-11D0-8D11-00A0C91BC942}") = "COMtypesTestServer", "COMtypesTestServer.vcproj", "{A517258F-2C1C-4B50-BE7B-B6C0F57AEDF4}"
	ProjectSection(ProjectDependencies) = postProject
	EndProjectSection
EndProject
Project("{8BC9CEB8-8B4A-11D0-8D11-00A0C91BC942}") = "COMtypesTestServerPS", "COMtypesTestServerPS.vcproj", "{59DA1381-9663-48FB-91C5-72371B9E1ACA}"
	ProjectSection(ProjectDependencies) = postProject
		{A517258F-2C1C-4B50-BE7B-B6C0F57AEDF4} = {A517258F-2C1C-4B50-BE7B-B6C0F57AEDF4}
	EndProjectSection
EndProject
Global
	GlobalSection(SolutionConfiguration) = preSolution
		Debug = Debug
		Release = Release
	EndGlobalSection
	GlobalSection(ProjectConfiguration) = postSolution
		{A517258F-2C1C-4B50-BE7B-B6C0F57AEDF4}.Debug.ActiveCfg = Debug|Win32
		{A517258F-2C1C-4B50-BE7B-B6C0F57AEDF4}.Debug.Build.0 = Debug|Win32
		{A517258F-2C1C-4B50-BE7B-B6C0F57AEDF4}.Release.ActiveCfg = Release|Win32
		{A517258F-2C1C-4B50-BE7B-B6C0F57AEDF4}.Release.Build.0 = Release|Win32
		{59DA1381-9663-48FB-91C5-72371B9E1ACA}.Debug.ActiveCfg = Debug|Win32
		{59DA1381-9663-48FB-91C5-72371B9E1ACA}.Release.ActiveCfg = Release|Win32
	EndGlobalSection
	GlobalSection(ExtensibilityGlobals) = postSolution
	EndGlobalSection
	GlobalSection(ExtensibilityAddIns) = postSolution
	EndGlobalSection
EndGlobal
